
Microsoft Visual Studio Solution File, Format Version 12.00
# Visual Studio Version 16
VisualStudioVersion = 16.0.31019.35
MinimumVisualStudioVersion = 10.0.40219.1
Project("{FAE04EC0-301F-11D3-BF4B-00C04F79EFBC}") = "RC0507H_DiogoBarradas_2218089", "RC0507H_DiogoBarradas_2218089\RC0507H_DiogoBarradas_2218089.csproj", "{3AC86B25-2F40-45B2-A4E0-F994853412B8}"
EndProject
Global
	GlobalSection(SolutionConfigurationPlatforms) = preSolution
		Debug|Any CPU = Debug|Any CPU
		Release|Any CPU = Release|Any CPU
	EndGlobalSection
	GlobalSection(ProjectConfigurationPlatforms) = postSolution
		{3AC86B25-2F40-45B2-A4E0-F994853412B8}.Debug|Any CPU.ActiveCfg = Debug|Any CPU
		{3AC86B25-2F40-45B2-A4E0-F994853412B8}.Debug|Any CPU.Build.0 = Debug|Any CPU
		{3AC86B25-2F40-45B2-A4E0-F994853412B8}.Release|Any CPU.ActiveCfg = Release|Any CPU
		{3AC86B25-2F40-45B2-A4E0-F994853412B8}.Release|Any CPU.Build.0 = Release|Any CPU
	EndGlobalSection
	GlobalSection(SolutionProperties) = preSolution
		HideSolutionNode = FALSE
	EndGlobalSection
	GlobalSection(ExtensibilityGlobals) = postSolution
		SolutionGuid = {EB598665-6ED0-4D80-B05E-5631A3D2FC6A}
	EndGlobalSection
EndGlobal
